// !$*UTF8*$!
{
	archiveVersion = 1;
	classes = {
	};
	objectVersion = 50;
	objects = {

/* Begin PBXBuildFile section */
		651D8CEFBD1C07855F8431B9 /* Pods_Riff.framework in Frameworks */ = {isa = PBXBuildFile; fileRef = EC854FC990DDDAAB2DFCB76D /* Pods_Riff.framework */; };
		6521CB3C384F1CC1E905CEED /* Pods_RiffUITests.framework in Frameworks */ = {isa = PBXBuildFile; fileRef = 61731B42BE75E252F2CEB1F9 /* Pods_RiffUITests.framework */; };
		9A78FB602110536600D680AA /* RiffsVC.swift in Sources */ = {isa = PBXBuildFile; fileRef = 9A78FB5D2110536600D680AA /* RiffsVC.swift */; };
		9A78FB612110536600D680AA /* HomeVC.swift in Sources */ = {isa = PBXBuildFile; fileRef = 9A78FB5E2110536600D680AA /* HomeVC.swift */; };
		9A78FB622110536600D680AA /* YourGifVC.swift in Sources */ = {isa = PBXBuildFile; fileRef = 9A78FB5F2110536600D680AA /* YourGifVC.swift */; };
		9AC8F0C8211210D1004A458C /* RiffsCell.swift in Sources */ = {isa = PBXBuildFile; fileRef = 9AC8F0C7211210D1004A458C /* RiffsCell.swift */; };
		9AC8F0CB21121E45004A458C /* Riff.swift in Sources */ = {isa = PBXBuildFile; fileRef = 9AC8F0CA21121E45004A458C /* Riff.swift */; };
		AF3A3528210B5EB300BB7E9D /* AppDelegate.swift in Sources */ = {isa = PBXBuildFile; fileRef = AF3A3527210B5EB300BB7E9D /* AppDelegate.swift */; };
		AF3A352F210B5EB300BB7E9D /* Assets.xcassets in Resources */ = {isa = PBXBuildFile; fileRef = AF3A352E210B5EB300BB7E9D /* Assets.xcassets */; };
		AF3A353D210B5EB300BB7E9D /* RiffTests.swift in Sources */ = {isa = PBXBuildFile; fileRef = AF3A353C210B5EB300BB7E9D /* RiffTests.swift */; };
		AF3A3548210B5EB400BB7E9D /* RiffUITests.swift in Sources */ = {isa = PBXBuildFile; fileRef = AF3A3547210B5EB400BB7E9D /* RiffUITests.swift */; };
		AF5E6F6D21107C23004D8562 /* Constants.swift in Sources */ = {isa = PBXBuildFile; fileRef = AF5E6F6C21107C23004D8562 /* Constants.swift */; };
		AFF3C6FE2110579500F7A057 /* LaunchScreen.storyboard in Resources */ = {isa = PBXBuildFile; fileRef = AFF3C6FA2110579500F7A057 /* LaunchScreen.storyboard */; };
		AFF3C6FF2110579500F7A057 /* Main.storyboard in Resources */ = {isa = PBXBuildFile; fileRef = AFF3C6FC2110579500F7A057 /* Main.storyboard */; };
		AFF3C703211057D900F7A057 /* Brothers-Lands.ttf in Resources */ = {isa = PBXBuildFile; fileRef = AFF3C702211057D900F7A057 /* Brothers-Lands.ttf */; };
		AFF3C7052110766700F7A057 /* GoogleService-Info.plist in Resources */ = {isa = PBXBuildFile; fileRef = AFF3C7042110766600F7A057 /* GoogleService-Info.plist */; };
		CE33702BEB5488A4BADCAB6C /* Pods_RiffTests.framework in Frameworks */ = {isa = PBXBuildFile; fileRef = 1BFF9262D89CD8DB551286D5 /* Pods_RiffTests.framework */; };
/* End PBXBuildFile section */

/* Begin PBXContainerItemProxy section */
		AF3A3539210B5EB300BB7E9D /* PBXContainerItemProxy */ = {
			isa = PBXContainerItemProxy;
			containerPortal = AF3A351C210B5EB300BB7E9D /* Project object */;
			proxyType = 1;
			remoteGlobalIDString = AF3A3523210B5EB300BB7E9D;
			remoteInfo = Riff;
		};
		AF3A3544210B5EB400BB7E9D /* PBXContainerItemProxy */ = {
			isa = PBXContainerItemProxy;
			containerPortal = AF3A351C210B5EB300BB7E9D /* Project object */;
			proxyType = 1;
			remoteGlobalIDString = AF3A3523210B5EB300BB7E9D;
			remoteInfo = Riff;
		};
/* End PBXContainerItemProxy section */

/* Begin PBXFileReference section */
		03FF18F387E4A9C7644A4494 /* Pods-Riff.release.xcconfig */ = {isa = PBXFileReference; includeInIndex = 1; lastKnownFileType = text.xcconfig; name = "Pods-Riff.release.xcconfig"; path = "Pods/Target Support Files/Pods-Riff/Pods-Riff.release.xcconfig"; sourceTree = "<group>"; };
		1097E1AFE8D1FD7BE0DCF577 /* Pods-RiffTests.release.xcconfig */ = {isa = PBXFileReference; includeInIndex = 1; lastKnownFileType = text.xcconfig; name = "Pods-RiffTests.release.xcconfig"; path = "Pods/Target Support Files/Pods-RiffTests/Pods-RiffTests.release.xcconfig"; sourceTree = "<group>"; };
		1BFF9262D89CD8DB551286D5 /* Pods_RiffTests.framework */ = {isa = PBXFileReference; explicitFileType = wrapper.framework; includeInIndex = 0; path = Pods_RiffTests.framework; sourceTree = BUILT_PRODUCTS_DIR; };
		1D2A18C37A5A1C794120DE50 /* Pods-RiffUITests.release.xcconfig */ = {isa = PBXFileReference; includeInIndex = 1; lastKnownFileType = text.xcconfig; name = "Pods-RiffUITests.release.xcconfig"; path = "Pods/Target Support Files/Pods-RiffUITests/Pods-RiffUITests.release.xcconfig"; sourceTree = "<group>"; };
		490A13DC411F7A26E0CB8BFB /* Pods-RiffUITests.debug.xcconfig */ = {isa = PBXFileReference; includeInIndex = 1; lastKnownFileType = text.xcconfig; name = "Pods-RiffUITests.debug.xcconfig"; path = "Pods/Target Support Files/Pods-RiffUITests/Pods-RiffUITests.debug.xcconfig"; sourceTree = "<group>"; };
		61731B42BE75E252F2CEB1F9 /* Pods_RiffUITests.framework */ = {isa = PBXFileReference; explicitFileType = wrapper.framework; includeInIndex = 0; path = Pods_RiffUITests.framework; sourceTree = BUILT_PRODUCTS_DIR; };
		9A78FB5D2110536600D680AA /* RiffsVC.swift */ = {isa = PBXFileReference; fileEncoding = 4; lastKnownFileType = sourcecode.swift; path = RiffsVC.swift; sourceTree = "<group>"; };
		9A78FB5E2110536600D680AA /* HomeVC.swift */ = {isa = PBXFileReference; fileEncoding = 4; lastKnownFileType = sourcecode.swift; path = HomeVC.swift; sourceTree = "<group>"; };
		9A78FB5F2110536600D680AA /* YourGifVC.swift */ = {isa = PBXFileReference; fileEncoding = 4; lastKnownFileType = sourcecode.swift; path = YourGifVC.swift; sourceTree = "<group>"; };
		9AC8F0C7211210D1004A458C /* RiffsCell.swift */ = {isa = PBXFileReference; lastKnownFileType = sourcecode.swift; path = RiffsCell.swift; sourceTree = "<group>"; };
		9AC8F0CA21121E45004A458C /* Riff.swift */ = {isa = PBXFileReference; lastKnownFileType = sourcecode.swift; path = Riff.swift; sourceTree = "<group>"; };
		A577C87F225D793A1703560E /* Pods-Riff.debug.xcconfig */ = {isa = PBXFileReference; includeInIndex = 1; lastKnownFileType = text.xcconfig; name = "Pods-Riff.debug.xcconfig"; path = "Pods/Target Support Files/Pods-Riff/Pods-Riff.debug.xcconfig"; sourceTree = "<group>"; };
		AF3A3524210B5EB300BB7E9D /* Riff.app */ = {isa = PBXFileReference; explicitFileType = wrapper.application; includeInIndex = 0; path = Riff.app; sourceTree = BUILT_PRODUCTS_DIR; };
		AF3A3527210B5EB300BB7E9D /* AppDelegate.swift */ = {isa = PBXFileReference; lastKnownFileType = sourcecode.swift; path = AppDelegate.swift; sourceTree = "<group>"; };
		AF3A352E210B5EB300BB7E9D /* Assets.xcassets */ = {isa = PBXFileReference; lastKnownFileType = folder.assetcatalog; path = Assets.xcassets; sourceTree = "<group>"; };
		AF3A3533210B5EB300BB7E9D /* Info.plist */ = {isa = PBXFileReference; lastKnownFileType = text.plist.xml; path = Info.plist; sourceTree = "<group>"; };
		AF3A3538210B5EB300BB7E9D /* RiffTests.xctest */ = {isa = PBXFileReference; explicitFileType = wrapper.cfbundle; includeInIndex = 0; path = RiffTests.xctest; sourceTree = BUILT_PRODUCTS_DIR; };
		AF3A353C210B5EB300BB7E9D /* RiffTests.swift */ = {isa = PBXFileReference; lastKnownFileType = sourcecode.swift; path = RiffTests.swift; sourceTree = "<group>"; };
		AF3A353E210B5EB300BB7E9D /* Info.plist */ = {isa = PBXFileReference; lastKnownFileType = text.plist.xml; path = Info.plist; sourceTree = "<group>"; };
		AF3A3543210B5EB400BB7E9D /* RiffUITests.xctest */ = {isa = PBXFileReference; explicitFileType = wrapper.cfbundle; includeInIndex = 0; path = RiffUITests.xctest; sourceTree = BUILT_PRODUCTS_DIR; };
		AF3A3547210B5EB400BB7E9D /* RiffUITests.swift */ = {isa = PBXFileReference; lastKnownFileType = sourcecode.swift; path = RiffUITests.swift; sourceTree = "<group>"; };
		AF3A3549210B5EB400BB7E9D /* Info.plist */ = {isa = PBXFileReference; lastKnownFileType = text.plist.xml; path = Info.plist; sourceTree = "<group>"; };
		AF5E6F6C21107C23004D8562 /* Constants.swift */ = {isa = PBXFileReference; lastKnownFileType = sourcecode.swift; path = Constants.swift; sourceTree = "<group>"; };
		AFF3C6FB2110579500F7A057 /* Base */ = {isa = PBXFileReference; lastKnownFileType = file.storyboard; name = Base; path = Base.lproj/LaunchScreen.storyboard; sourceTree = "<group>"; };
		AFF3C6FD2110579500F7A057 /* Base */ = {isa = PBXFileReference; lastKnownFileType = file.storyboard; name = Base; path = Base.lproj/Main.storyboard; sourceTree = "<group>"; };
		AFF3C702211057D900F7A057 /* Brothers-Lands.ttf */ = {isa = PBXFileReference; lastKnownFileType = file; path = "Brothers-Lands.ttf"; sourceTree = "<group>"; };
		AFF3C7042110766600F7A057 /* GoogleService-Info.plist */ = {isa = PBXFileReference; fileEncoding = 4; lastKnownFileType = text.plist.xml; path = "GoogleService-Info.plist"; sourceTree = "<group>"; };
		EB81F2CA2E254C12BCE23CBF /* Pods-RiffTests.debug.xcconfig */ = {isa = PBXFileReference; includeInIndex = 1; lastKnownFileType = text.xcconfig; name = "Pods-RiffTests.debug.xcconfig"; path = "Pods/Target Support Files/Pods-RiffTests/Pods-RiffTests.debug.xcconfig"; sourceTree = "<group>"; };
		EC854FC990DDDAAB2DFCB76D /* Pods_Riff.framework */ = {isa = PBXFileReference; explicitFileType = wrapper.framework; includeInIndex = 0; path = Pods_Riff.framework; sourceTree = BUILT_PRODUCTS_DIR; };
/* End PBXFileReference section */

/* Begin PBXFrameworksBuildPhase section */
		AF3A3521210B5EB300BB7E9D /* Frameworks */ = {
			isa = PBXFrameworksBuildPhase;
			buildActionMask = 2147483647;
			files = (
				651D8CEFBD1C07855F8431B9 /* Pods_Riff.framework in Frameworks */,
			);
			runOnlyForDeploymentPostprocessing = 0;
		};
		AF3A3535210B5EB300BB7E9D /* Frameworks */ = {
			isa = PBXFrameworksBuildPhase;
			buildActionMask = 2147483647;
			files = (
				CE33702BEB5488A4BADCAB6C /* Pods_RiffTests.framework in Frameworks */,
			);
			runOnlyForDeploymentPostprocessing = 0;
		};
		AF3A3540210B5EB300BB7E9D /* Frameworks */ = {
			isa = PBXFrameworksBuildPhase;
			buildActionMask = 2147483647;
			files = (
				6521CB3C384F1CC1E905CEED /* Pods_RiffUITests.framework in Frameworks */,
			);
			runOnlyForDeploymentPostprocessing = 0;
		};
/* End PBXFrameworksBuildPhase section */

/* Begin PBXGroup section */
		341EEAE0E1CBA77B9ED8D706 /* Frameworks */ = {
			isa = PBXGroup;
			children = (
				EC854FC990DDDAAB2DFCB76D /* Pods_Riff.framework */,
				1BFF9262D89CD8DB551286D5 /* Pods_RiffTests.framework */,
				61731B42BE75E252F2CEB1F9 /* Pods_RiffUITests.framework */,
			);
			name = Frameworks;
			sourceTree = "<group>";
		};
		58638A24664D1B567EF23022 /* Pods */ = {
			isa = PBXGroup;
			children = (
				A577C87F225D793A1703560E /* Pods-Riff.debug.xcconfig */,
				03FF18F387E4A9C7644A4494 /* Pods-Riff.release.xcconfig */,
				EB81F2CA2E254C12BCE23CBF /* Pods-RiffTests.debug.xcconfig */,
				1097E1AFE8D1FD7BE0DCF577 /* Pods-RiffTests.release.xcconfig */,
				490A13DC411F7A26E0CB8BFB /* Pods-RiffUITests.debug.xcconfig */,
				1D2A18C37A5A1C794120DE50 /* Pods-RiffUITests.release.xcconfig */,
			);
			name = Pods;
			sourceTree = "<group>";
		};
		9A78FB5C2110536600D680AA /* Controller */ = {
			isa = PBXGroup;
			children = (
				9AC8F0C6211210B6004A458C /* Cell */,
				9A78FB5E2110536600D680AA /* HomeVC.swift */,
				9A78FB5F2110536600D680AA /* YourGifVC.swift */,
				9A78FB5D2110536600D680AA /* RiffsVC.swift */,
			);
			path = Controller;
			sourceTree = "<group>";
		};
		9AC8F0C6211210B6004A458C /* Cell */ = {
			isa = PBXGroup;
			children = (
				9AC8F0C7211210D1004A458C /* RiffsCell.swift */,
			);
			path = Cell;
			sourceTree = "<group>";
		};
		9AC8F0C921121E32004A458C /* Models */ = {
			isa = PBXGroup;
			children = (
				9AC8F0CA21121E45004A458C /* Riff.swift */,
			);
			path = Models;
			sourceTree = "<group>";
		};
		AF3A351B210B5EB300BB7E9D = {
			isa = PBXGroup;
			children = (
				AF3A3526210B5EB300BB7E9D /* Riff */,
				AF3A353B210B5EB300BB7E9D /* RiffTests */,
				AF3A3546210B5EB400BB7E9D /* RiffUITests */,
				AF3A3525210B5EB300BB7E9D /* Products */,
				58638A24664D1B567EF23022 /* Pods */,
				341EEAE0E1CBA77B9ED8D706 /* Frameworks */,
			);
			sourceTree = "<group>";
		};
		AF3A3525210B5EB300BB7E9D /* Products */ = {
			isa = PBXGroup;
			children = (
				AF3A3524210B5EB300BB7E9D /* Riff.app */,
				AF3A3538210B5EB300BB7E9D /* RiffTests.xctest */,
				AF3A3543210B5EB400BB7E9D /* RiffUITests.xctest */,
			);
			name = Products;
			sourceTree = "<group>";
		};
		AF3A3526210B5EB300BB7E9D /* Riff */ = {
			isa = PBXGroup;
			children = (
				AF3A3527210B5EB300BB7E9D /* AppDelegate.swift */,
				9A78FB5C2110536600D680AA /* Controller */,
				9AC8F0C921121E32004A458C /* Models */,
				AF5E6F6B21107C03004D8562 /* Helpers */,
				AFF3C6F92110579500F7A057 /* Storyboards */,
				AFF3C700211057D900F7A057 /* Files */,
				AF3A352E210B5EB300BB7E9D /* Assets.xcassets */,
				AF3A3533210B5EB300BB7E9D /* Info.plist */,
				AFF3C7042110766600F7A057 /* GoogleService-Info.plist */,
			);
			path = Riff;
			sourceTree = "<group>";
		};
		AF3A353B210B5EB300BB7E9D /* RiffTests */ = {
			isa = PBXGroup;
			children = (
				AF3A353C210B5EB300BB7E9D /* RiffTests.swift */,
				AF3A353E210B5EB300BB7E9D /* Info.plist */,
			);
			path = RiffTests;
			sourceTree = "<group>";
		};
		AF3A3546210B5EB400BB7E9D /* RiffUITests */ = {
			isa = PBXGroup;
			children = (
				AF3A3547210B5EB400BB7E9D /* RiffUITests.swift */,
				AF3A3549210B5EB400BB7E9D /* Info.plist */,
			);
			path = RiffUITests;
			sourceTree = "<group>";
		};
		AF5E6F6B21107C03004D8562 /* Helpers */ = {
			isa = PBXGroup;
			children = (
				AF5E6F6C21107C23004D8562 /* Constants.swift */,
			);
			path = Helpers;
			sourceTree = "<group>";
		};
		AFF3C6F92110579500F7A057 /* Storyboards */ = {
			isa = PBXGroup;
			children = (
				AFF3C6FA2110579500F7A057 /* LaunchScreen.storyboard */,
				AFF3C6FC2110579500F7A057 /* Main.storyboard */,
			);
			path = Storyboards;
			sourceTree = "<group>";
		};
		AFF3C700211057D900F7A057 /* Files */ = {
			isa = PBXGroup;
			children = (
				AFF3C701211057D900F7A057 /* Fonts */,
			);
			path = Files;
			sourceTree = "<group>";
		};
		AFF3C701211057D900F7A057 /* Fonts */ = {
			isa = PBXGroup;
			children = (
				AFF3C702211057D900F7A057 /* Brothers-Lands.ttf */,
			);
			path = Fonts;
			sourceTree = "<group>";
		};
/* End PBXGroup section */

/* Begin PBXNativeTarget section */
		AF3A3523210B5EB300BB7E9D /* Riff */ = {
			isa = PBXNativeTarget;
			buildConfigurationList = AF3A354C210B5EB400BB7E9D /* Build configuration list for PBXNativeTarget "Riff" */;
			buildPhases = (
				8392908BB820AE1598DF3945 /* [CP] Check Pods Manifest.lock */,
				AF3A3520210B5EB300BB7E9D /* Sources */,
				AF3A3521210B5EB300BB7E9D /* Frameworks */,
				AF3A3522210B5EB300BB7E9D /* Resources */,
				B3C516BC22D72B30A02C4EB1 /* [CP] Embed Pods Frameworks */,
			);
			buildRules = (
			);
			dependencies = (
			);
			name = Riff;
			productName = Riff;
			productReference = AF3A3524210B5EB300BB7E9D /* Riff.app */;
			productType = "com.apple.product-type.application";
		};
		AF3A3537210B5EB300BB7E9D /* RiffTests */ = {
			isa = PBXNativeTarget;
			buildConfigurationList = AF3A354F210B5EB400BB7E9D /* Build configuration list for PBXNativeTarget "RiffTests" */;
			buildPhases = (
				5173FEB7C85E2F2BAAE9E726 /* [CP] Check Pods Manifest.lock */,
				AF3A3534210B5EB300BB7E9D /* Sources */,
				AF3A3535210B5EB300BB7E9D /* Frameworks */,
				AF3A3536210B5EB300BB7E9D /* Resources */,
			);
			buildRules = (
			);
			dependencies = (
				AF3A353A210B5EB300BB7E9D /* PBXTargetDependency */,
			);
			name = RiffTests;
			productName = RiffTests;
			productReference = AF3A3538210B5EB300BB7E9D /* RiffTests.xctest */;
			productType = "com.apple.product-type.bundle.unit-test";
		};
		AF3A3542210B5EB300BB7E9D /* RiffUITests */ = {
			isa = PBXNativeTarget;
			buildConfigurationList = AF3A3552210B5EB400BB7E9D /* Build configuration list for PBXNativeTarget "RiffUITests" */;
			buildPhases = (
				F5310E6B905C7E058604473C /* [CP] Check Pods Manifest.lock */,
				AF3A353F210B5EB300BB7E9D /* Sources */,
				AF3A3540210B5EB300BB7E9D /* Frameworks */,
				AF3A3541210B5EB300BB7E9D /* Resources */,
			);
			buildRules = (
			);
			dependencies = (
				AF3A3545210B5EB400BB7E9D /* PBXTargetDependency */,
			);
			name = RiffUITests;
			productName = RiffUITests;
			productReference = AF3A3543210B5EB400BB7E9D /* RiffUITests.xctest */;
			productType = "com.apple.product-type.bundle.ui-testing";
		};
/* End PBXNativeTarget section */

/* Begin PBXProject section */
		AF3A351C210B5EB300BB7E9D /* Project object */ = {
			isa = PBXProject;
			attributes = {
				LastSwiftUpdateCheck = 0940;
				LastUpgradeCheck = 0940;
				ORGANIZATIONNAME = "Plush Republic, Inc";
				TargetAttributes = {
					AF3A3523210B5EB300BB7E9D = {
						CreatedOnToolsVersion = 9.4.1;
					};
					AF3A3537210B5EB300BB7E9D = {
						CreatedOnToolsVersion = 9.4.1;
						TestTargetID = AF3A3523210B5EB300BB7E9D;
					};
					AF3A3542210B5EB300BB7E9D = {
						CreatedOnToolsVersion = 9.4.1;
						TestTargetID = AF3A3523210B5EB300BB7E9D;
					};
				};
			};
			buildConfigurationList = AF3A351F210B5EB300BB7E9D /* Build configuration list for PBXProject "Riff" */;
			compatibilityVersion = "Xcode 9.3";
			developmentRegion = en;
			hasScannedForEncodings = 0;
			knownRegions = (
				en,
				Base,
			);
			mainGroup = AF3A351B210B5EB300BB7E9D;
			productRefGroup = AF3A3525210B5EB300BB7E9D /* Products */;
			projectDirPath = "";
			projectRoot = "";
			targets = (
				AF3A3523210B5EB300BB7E9D /* Riff */,
				AF3A3537210B5EB300BB7E9D /* RiffTests */,
				AF3A3542210B5EB300BB7E9D /* RiffUITests */,
			);
		};
/* End PBXProject section */

/* Begin PBXResourcesBuildPhase section */
		AF3A3522210B5EB300BB7E9D /* Resources */ = {
			isa = PBXResourcesBuildPhase;
			buildActionMask = 2147483647;
			files = (
				AFF3C6FE2110579500F7A057 /* LaunchScreen.storyboard in Resources */,
				AF3A352F210B5EB300BB7E9D /* Assets.xcassets in Resources */,
				AFF3C7052110766700F7A057 /* GoogleService-Info.plist in Resources */,
				AFF3C703211057D900F7A057 /* Brothers-Lands.ttf in Resources */,
				AFF3C6FF2110579500F7A057 /* Main.storyboard in Resources */,
			);
			runOnlyForDeploymentPostprocessing = 0;
		};
		AF3A3536210B5EB300BB7E9D /* Resources */ = {
			isa = PBXResourcesBuildPhase;
			buildActionMask = 2147483647;
			files = (
			);
			runOnlyForDeploymentPostprocessing = 0;
		};
		AF3A3541210B5EB300BB7E9D /* Resources */ = {
			isa = PBXResourcesBuildPhase;
			buildActionMask = 2147483647;
			files = (
			);
			runOnlyForDeploymentPostprocessing = 0;
		};
/* End PBXResourcesBuildPhase section */

/* Begin PBXShellScriptBuildPhase section */
		5173FEB7C85E2F2BAAE9E726 /* [CP] Check Pods Manifest.lock */ = {
			isa = PBXShellScriptBuildPhase;
			buildActionMask = 2147483647;
			files = (
			);
			inputPaths = (
				"${PODS_PODFILE_DIR_PATH}/Podfile.lock",
				"${PODS_ROOT}/Manifest.lock",
			);
			name = "[CP] Check Pods Manifest.lock";
			outputPaths = (
				"$(DERIVED_FILE_DIR)/Pods-RiffTests-checkManifestLockResult.txt",
			);
			runOnlyForDeploymentPostprocessing = 0;
			shellPath = /bin/sh;
			shellScript = "diff \"${PODS_PODFILE_DIR_PATH}/Podfile.lock\" \"${PODS_ROOT}/Manifest.lock\" > /dev/null\nif [ $? != 0 ] ; then\n    # print error to STDERR\n    echo \"error: The sandbox is not in sync with the Podfile.lock. Run 'pod install' or update your CocoaPods installation.\" >&2\n    exit 1\nfi\n# This output is used by Xcode 'outputs' to avoid re-running this script phase.\necho \"SUCCESS\" > \"${SCRIPT_OUTPUT_FILE_0}\"\n";
			showEnvVarsInLog = 0;
		};
		8392908BB820AE1598DF3945 /* [CP] Check Pods Manifest.lock */ = {
			isa = PBXShellScriptBuildPhase;
			buildActionMask = 2147483647;
			files = (
			);
			inputPaths = (
				"${PODS_PODFILE_DIR_PATH}/Podfile.lock",
				"${PODS_ROOT}/Manifest.lock",
			);
			name = "[CP] Check Pods Manifest.lock";
			outputPaths = (
				"$(DERIVED_FILE_DIR)/Pods-Riff-checkManifestLockResult.txt",
			);
			runOnlyForDeploymentPostprocessing = 0;
			shellPath = /bin/sh;
			shellScript = "diff \"${PODS_PODFILE_DIR_PATH}/Podfile.lock\" \"${PODS_ROOT}/Manifest.lock\" > /dev/null\nif [ $? != 0 ] ; then\n    # print error to STDERR\n    echo \"error: The sandbox is not in sync with the Podfile.lock. Run 'pod install' or update your CocoaPods installation.\" >&2\n    exit 1\nfi\n# This output is used by Xcode 'outputs' to avoid re-running this script phase.\necho \"SUCCESS\" > \"${SCRIPT_OUTPUT_FILE_0}\"\n";
			showEnvVarsInLog = 0;
		};
		B3C516BC22D72B30A02C4EB1 /* [CP] Embed Pods Frameworks */ = {
			isa = PBXShellScriptBuildPhase;
			buildActionMask = 2147483647;
			files = (
			);
			inputPaths = (
				"${SRCROOT}/Pods/Target Support Files/Pods-Riff/Pods-Riff-frameworks.sh",
				"${BUILT_PRODUCTS_DIR}/GiphyCoreSDK/GiphyCoreSDK.framework",
				"${BUILT_PRODUCTS_DIR}/GoogleToolboxForMac/GoogleToolboxForMac.framework",
				"${BUILT_PRODUCTS_DIR}/SwiftyGif/SwiftyGif.framework",
				"${BUILT_PRODUCTS_DIR}/leveldb-library/leveldb.framework",
				"${BUILT_PRODUCTS_DIR}/nanopb/nanopb.framework",
			);
			name = "[CP] Embed Pods Frameworks";
			outputPaths = (
				"${TARGET_BUILD_DIR}/${FRAMEWORKS_FOLDER_PATH}/GiphyCoreSDK.framework",
				"${TARGET_BUILD_DIR}/${FRAMEWORKS_FOLDER_PATH}/GoogleToolboxForMac.framework",
				"${TARGET_BUILD_DIR}/${FRAMEWORKS_FOLDER_PATH}/SwiftyGif.framework",
				"${TARGET_BUILD_DIR}/${FRAMEWORKS_FOLDER_PATH}/leveldb.framework",
				"${TARGET_BUILD_DIR}/${FRAMEWORKS_FOLDER_PATH}/nanopb.framework",
			);
			runOnlyForDeploymentPostprocessing = 0;
			shellPath = /bin/sh;
			shellScript = "\"${SRCROOT}/Pods/Target Support Files/Pods-Riff/Pods-Riff-frameworks.sh\"\n";
			showEnvVarsInLog = 0;
		};
		F5310E6B905C7E058604473C /* [CP] Check Pods Manifest.lock */ = {
			isa = PBXShellScriptBuildPhase;
			buildActionMask = 2147483647;
			files = (
			);
			inputPaths = (
				"${PODS_PODFILE_DIR_PATH}/Podfile.lock",
				"${PODS_ROOT}/Manifest.lock",
			);
			name = "[CP] Check Pods Manifest.lock";
			outputPaths = (
				"$(DERIVED_FILE_DIR)/Pods-RiffUITests-checkManifestLockResult.txt",
			);
			runOnlyForDeploymentPostprocessing = 0;
			shellPath = /bin/sh;
			shellScript = "diff \"${PODS_PODFILE_DIR_PATH}/Podfile.lock\" \"${PODS_ROOT}/Manifest.lock\" > /dev/null\nif [ $? != 0 ] ; then\n    # print error to STDERR\n    echo \"error: The sandbox is not in sync with the Podfile.lock. Run 'pod install' or update your CocoaPods installation.\" >&2\n    exit 1\nfi\n# This output is used by Xcode 'outputs' to avoid re-running this script phase.\necho \"SUCCESS\" > \"${SCRIPT_OUTPUT_FILE_0}\"\n";
			showEnvVarsInLog = 0;
		};
/* End PBXShellScriptBuildPhase section */

/* Begin PBXSourcesBuildPhase section */
		AF3A3520210B5EB300BB7E9D /* Sources */ = {
			isa = PBXSourcesBuildPhase;
			buildActionMask = 2147483647;
			files = (
				9AC8F0C8211210D1004A458C /* RiffsCell.swift in Sources */,
				9AC8F0CB21121E45004A458C /* Riff.swift in Sources */,
				AF5E6F6D21107C23004D8562 /* Constants.swift in Sources */,
				9A78FB622110536600D680AA /* YourGifVC.swift in Sources */,
				9A78FB612110536600D680AA /* HomeVC.swift in Sources */,
				AF3A3528210B5EB300BB7E9D /* AppDelegate.swift in Sources */,
				9A78FB602110536600D680AA /* RiffsVC.swift in Sources */,
			);
			runOnlyForDeploymentPostprocessing = 0;
		};
		AF3A3534210B5EB300BB7E9D /* Sources */ = {
			isa = PBXSourcesBuildPhase;
			buildActionMask = 2147483647;
			files = (
				AF3A353D210B5EB300BB7E9D /* RiffTests.swift in Sources */,
			);
			runOnlyForDeploymentPostprocessing = 0;
		};
		AF3A353F210B5EB300BB7E9D /* Sources */ = {
			isa = PBXSourcesBuildPhase;
			buildActionMask = 2147483647;
			files = (
				AF3A3548210B5EB400BB7E9D /* RiffUITests.swift in Sources */,
			);
			runOnlyForDeploymentPostprocessing = 0;
		};
/* End PBXSourcesBuildPhase section */

/* Begin PBXTargetDependency section */
		AF3A353A210B5EB300BB7E9D /* PBXTargetDependency */ = {
			isa = PBXTargetDependency;
			target = AF3A3523210B5EB300BB7E9D /* Riff */;
			targetProxy = AF3A3539210B5EB300BB7E9D /* PBXContainerItemProxy */;
		};
		AF3A3545210B5EB400BB7E9D /* PBXTargetDependency */ = {
			isa = PBXTargetDependency;
			target = AF3A3523210B5EB300BB7E9D /* Riff */;
			targetProxy = AF3A3544210B5EB400BB7E9D /* PBXContainerItemProxy */;
		};
/* End PBXTargetDependency section */

/* Begin PBXVariantGroup section */
		AFF3C6FA2110579500F7A057 /* LaunchScreen.storyboard */ = {
			isa = PBXVariantGroup;
			children = (
				AFF3C6FB2110579500F7A057 /* Base */,
			);
			name = LaunchScreen.storyboard;
			sourceTree = "<group>";
		};
		AFF3C6FC2110579500F7A057 /* Main.storyboard */ = {
			isa = PBXVariantGroup;
			children = (
				AFF3C6FD2110579500F7A057 /* Base */,
			);
			name = Main.storyboard;
			sourceTree = "<group>";
		};
/* End PBXVariantGroup section */

/* Begin XCBuildConfiguration section */
		AF3A354A210B5EB400BB7E9D /* Debug */ = {
			isa = XCBuildConfiguration;
			buildSettings = {
				ALWAYS_SEARCH_USER_PATHS = NO;
				CLANG_ANALYZER_NONNULL = YES;
				CLANG_ANALYZER_NUMBER_OBJECT_CONVERSION = YES_AGGRESSIVE;
				CLANG_CXX_LANGUAGE_STANDARD = "gnu++14";
				CLANG_CXX_LIBRARY = "libc++";
				CLANG_ENABLE_MODULES = YES;
				CLANG_ENABLE_OBJC_ARC = YES;
				CLANG_ENABLE_OBJC_WEAK = YES;
				CLANG_WARN_BLOCK_CAPTURE_AUTORELEASING = YES;
				CLANG_WARN_BOOL_CONVERSION = YES;
				CLANG_WARN_COMMA = YES;
				CLANG_WARN_CONSTANT_CONVERSION = YES;
				CLANG_WARN_DEPRECATED_OBJC_IMPLEMENTATIONS = YES;
				CLANG_WARN_DIRECT_OBJC_ISA_USAGE = YES_ERROR;
				CLANG_WARN_DOCUMENTATION_COMMENTS = YES;
				CLANG_WARN_EMPTY_BODY = YES;
				CLANG_WARN_ENUM_CONVERSION = YES;
				CLANG_WARN_INFINITE_RECURSION = YES;
				CLANG_WARN_INT_CONVERSION = YES;
				CLANG_WARN_NON_LITERAL_NULL_CONVERSION = YES;
				CLANG_WARN_OBJC_IMPLICIT_RETAIN_SELF = YES;
				CLANG_WARN_OBJC_LITERAL_CONVERSION = YES;
				CLANG_WARN_OBJC_ROOT_CLASS = YES_ERROR;
				CLANG_WARN_RANGE_LOOP_ANALYSIS = YES;
				CLANG_WARN_STRICT_PROTOTYPES = YES;
				CLANG_WARN_SUSPICIOUS_MOVE = YES;
				CLANG_WARN_UNGUARDED_AVAILABILITY = YES_AGGRESSIVE;
				CLANG_WARN_UNREACHABLE_CODE = YES;
				CLANG_WARN__DUPLICATE_METHOD_MATCH = YES;
				CODE_SIGN_IDENTITY = "iPhone Developer";
				COPY_PHASE_STRIP = NO;
				DEBUG_INFORMATION_FORMAT = dwarf;
				ENABLE_STRICT_OBJC_MSGSEND = YES;
				ENABLE_TESTABILITY = YES;
				GCC_C_LANGUAGE_STANDARD = gnu11;
				GCC_DYNAMIC_NO_PIC = NO;
				GCC_NO_COMMON_BLOCKS = YES;
				GCC_OPTIMIZATION_LEVEL = 0;
				GCC_PREPROCESSOR_DEFINITIONS = (
					"DEBUG=1",
					"$(inherited)",
				);
				GCC_WARN_64_TO_32_BIT_CONVERSION = YES;
				GCC_WARN_ABOUT_RETURN_TYPE = YES_ERROR;
				GCC_WARN_UNDECLARED_SELECTOR = YES;
				GCC_WARN_UNINITIALIZED_AUTOS = YES_AGGRESSIVE;
				GCC_WARN_UNUSED_FUNCTION = YES;
				GCC_WARN_UNUSED_VARIABLE = YES;
				IPHONEOS_DEPLOYMENT_TARGET = 11.4;
				MTL_ENABLE_DEBUG_INFO = YES;
				ONLY_ACTIVE_ARCH = YES;
				SDKROOT = iphoneos;
				SWIFT_ACTIVE_COMPILATION_CONDITIONS = DEBUG;
				SWIFT_OPTIMIZATION_LEVEL = "-Onone";
			};
			name = Debug;
		};
		AF3A354B210B5EB400BB7E9D /* Release */ = {
			isa = XCBuildConfiguration;
			buildSettings = {
				ALWAYS_SEARCH_USER_PATHS = NO;
				CLANG_ANALYZER_NONNULL = YES;
				CLANG_ANALYZER_NUMBER_OBJECT_CONVERSION = YES_AGGRESSIVE;
				CLANG_CXX_LANGUAGE_STANDARD = "gnu++14";
				CLANG_CXX_LIBRARY = "libc++";
				CLANG_ENABLE_MODULES = YES;
				CLANG_ENABLE_OBJC_ARC = YES;
				CLANG_ENABLE_OBJC_WEAK = YES;
				CLANG_WARN_BLOCK_CAPTURE_AUTORELEASING = YES;
				CLANG_WARN_BOOL_CONVERSION = YES;
				CLANG_WARN_COMMA = YES;
				CLANG_WARN_CONSTANT_CONVERSION = YES;
				CLANG_WARN_DEPRECATED_OBJC_IMPLEMENTATIONS = YES;
				CLANG_WARN_DIRECT_OBJC_ISA_USAGE = YES_ERROR;
				CLANG_WARN_DOCUMENTATION_COMMENTS = YES;
				CLANG_WARN_EMPTY_BODY = YES;
				CLANG_WARN_ENUM_CONVERSION = YES;
				CLANG_WARN_INFINITE_RECURSION = YES;
				CLANG_WARN_INT_CONVERSION = YES;
				CLANG_WARN_NON_LITERAL_NULL_CONVERSION = YES;
				CLANG_WARN_OBJC_IMPLICIT_RETAIN_SELF = YES;
				CLANG_WARN_OBJC_LITERAL_CONVERSION = YES;
				CLANG_WARN_OBJC_ROOT_CLASS = YES_ERROR;
				CLANG_WARN_RANGE_LOOP_ANALYSIS = YES;
				CLANG_WARN_STRICT_PROTOTYPES = YES;
				CLANG_WARN_SUSPICIOUS_MOVE = YES;
				CLANG_WARN_UNGUARDED_AVAILABILITY = YES_AGGRESSIVE;
				CLANG_WARN_UNREACHABLE_CODE = YES;
				CLANG_WARN__DUPLICATE_METHOD_MATCH = YES;
				CODE_SIGN_IDENTITY = "iPhone Developer";
				COPY_PHASE_STRIP = NO;
				DEBUG_INFORMATION_FORMAT = "dwarf-with-dsym";
				ENABLE_NS_ASSERTIONS = NO;
				ENABLE_STRICT_OBJC_MSGSEND = YES;
				GCC_C_LANGUAGE_STANDARD = gnu11;
				GCC_NO_COMMON_BLOCKS = YES;
				GCC_WARN_64_TO_32_BIT_CONVERSION = YES;
				GCC_WARN_ABOUT_RETURN_TYPE = YES_ERROR;
				GCC_WARN_UNDECLARED_SELECTOR = YES;
				GCC_WARN_UNINITIALIZED_AUTOS = YES_AGGRESSIVE;
				GCC_WARN_UNUSED_FUNCTION = YES;
				GCC_WARN_UNUSED_VARIABLE = YES;
				IPHONEOS_DEPLOYMENT_TARGET = 11.4;
				MTL_ENABLE_DEBUG_INFO = NO;
				SDKROOT = iphoneos;
				SWIFT_COMPILATION_MODE = wholemodule;
				SWIFT_OPTIMIZATION_LEVEL = "-O";
				VALIDATE_PRODUCT = YES;
			};
			name = Release;
		};
		AF3A354D210B5EB400BB7E9D /* Debug */ = {
			isa = XCBuildConfiguration;
			baseConfigurationReference = A577C87F225D793A1703560E /* Pods-Riff.debug.xcconfig */;
			buildSettings = {
				ASSETCATALOG_COMPILER_APPICON_NAME = AppIcon;
				CODE_SIGN_STYLE = Automatic;
				INFOPLIST_FILE = Riff/Info.plist;
				LD_RUNPATH_SEARCH_PATHS = "$(inherited) @executable_path/Frameworks";
				PRODUCT_BUNDLE_IDENTIFIER = com.plushRepublic.Riff;
				PRODUCT_NAME = "$(TARGET_NAME)";
				SWIFT_VERSION = 4.0;
				TARGETED_DEVICE_FAMILY = "1,2";
			};
			name = Debug;
		};
		AF3A354E210B5EB400BB7E9D /* Release */ = {
			isa = XCBuildConfiguration;
			baseConfigurationReference = 03FF18F387E4A9C7644A4494 /* Pods-Riff.release.xcconfig */;
			buildSettings = {
				ASSETCATALOG_COMPILER_APPICON_NAME = AppIcon;
				CODE_SIGN_STYLE = Automatic;
				INFOPLIST_FILE = Riff/Info.plist;
				LD_RUNPATH_SEARCH_PATHS = "$(inherited) @executable_path/Frameworks";
				PRODUCT_BUNDLE_IDENTIFIER = com.plushRepublic.Riff;
				PRODUCT_NAME = "$(TARGET_NAME)";
				SWIFT_VERSION = 4.0;
				TARGETED_DEVICE_FAMILY = "1,2";
			};
			name = Release;
		};
		AF3A3550210B5EB400BB7E9D /* Debug */ = {
			isa = XCBuildConfiguration;
			baseConfigurationReference = EB81F2CA2E254C12BCE23CBF /* Pods-RiffTests.debug.xcconfig */;
			buildSettings = {
				ALWAYS_EMBED_SWIFT_STANDARD_LIBRARIES = YES;
				BUNDLE_LOADER = "$(TEST_HOST)";
				CODE_SIGN_STYLE = Automatic;
				INFOPLIST_FILE = RiffTests/Info.plist;
				LD_RUNPATH_SEARCH_PATHS = "$(inherited) @executable_path/Frameworks @loader_path/Frameworks";
				PRODUCT_BUNDLE_IDENTIFIER = com.plushRepublic.RiffTests;
				PRODUCT_NAME = "$(TARGET_NAME)";
				SWIFT_VERSION = 4.0;
				TARGETED_DEVICE_FAMILY = "1,2";
				TEST_HOST = "$(BUILT_PRODUCTS_DIR)/Riff.app/Riff";
			};
			name = Debug;
		};
		AF3A3551210B5EB400BB7E9D /* Release */ = {
			isa = XCBuildConfiguration;
			baseConfigurationReference = 1097E1AFE8D1FD7BE0DCF577 /* Pods-RiffTests.release.xcconfig */;
			buildSettings = {
				ALWAYS_EMBED_SWIFT_STANDARD_LIBRARIES = YES;
				BUNDLE_LOADER = "$(TEST_HOST)";
				CODE_SIGN_STYLE = Automatic;
				INFOPLIST_FILE = RiffTests/Info.plist;
				LD_RUNPATH_SEARCH_PATHS = "$(inherited) @executable_path/Frameworks @loader_path/Frameworks";
				PRODUCT_BUNDLE_IDENTIFIER = com.plushRepublic.RiffTests;
				PRODUCT_NAME = "$(TARGET_NAME)";
				SWIFT_VERSION = 4.0;
				TARGETED_DEVICE_FAMILY = "1,2";
				TEST_HOST = "$(BUILT_PRODUCTS_DIR)/Riff.app/Riff";
			};
			name = Release;
		};
		AF3A3553210B5EB400BB7E9D /* Debug */ = {
			isa = XCBuildConfiguration;
			baseConfigurationReference = 490A13DC411F7A26E0CB8BFB /* Pods-RiffUITests.debug.xcconfig */;
			buildSettings = {
				ALWAYS_EMBED_SWIFT_STANDARD_LIBRARIES = YES;
				CODE_SIGN_STYLE = Automatic;
				INFOPLIST_FILE = RiffUITests/Info.plist;
				LD_RUNPATH_SEARCH_PATHS = "$(inherited) @executable_path/Frameworks @loader_path/Frameworks";
				PRODUCT_BUNDLE_IDENTIFIER = com.plushRepublic.RiffUITests;
				PRODUCT_NAME = "$(TARGET_NAME)";
				SWIFT_VERSION = 4.0;
				TARGETED_DEVICE_FAMILY = "1,2";
				TEST_TARGET_NAME = Riff;
			};
			name = Debug;
		};
		AF3A3554210B5EB400BB7E9D /* Release */ = {
			isa = XCBuildConfiguration;
			baseConfigurationReference = 1D2A18C37A5A1C794120DE50 /* Pods-RiffUITests.release.xcconfig */;
			buildSettings = {
				ALWAYS_EMBED_SWIFT_STANDARD_LIBRARIES = YES;
				CODE_SIGN_STYLE = Automatic;
				INFOPLIST_FILE = RiffUITests/Info.plist;
				LD_RUNPATH_SEARCH_PATHS = "$(inherited) @executable_path/Frameworks @loader_path/Frameworks";
				PRODUCT_BUNDLE_IDENTIFIER = com.plushRepublic.RiffUITests;
				PRODUCT_NAME = "$(TARGET_NAME)";
				SWIFT_VERSION = 4.0;
				TARGETED_DEVICE_FAMILY = "1,2";
				TEST_TARGET_NAME = Riff;
			};
			name = Release;
		};
/* End XCBuildConfiguration section */

/* Begin XCConfigurationList section */
		AF3A351F210B5EB300BB7E9D /* Build configuration list for PBXProject "Riff" */ = {
			isa = XCConfigurationList;
			buildConfigurations = (
				AF3A354A210B5EB400BB7E9D /* Debug */,
				AF3A354B210B5EB400BB7E9D /* Release */,
			);
			defaultConfigurationIsVisible = 0;
			defaultConfigurationName = Release;
		};
		AF3A354C210B5EB400BB7E9D /* Build configuration list for PBXNativeTarget "Riff" */ = {
			isa = XCConfigurationList;
			buildConfigurations = (
				AF3A354D210B5EB400BB7E9D /* Debug */,
				AF3A354E210B5EB400BB7E9D /* Release */,
			);
			defaultConfigurationIsVisible = 0;
			defaultConfigurationName = Release;
		};
		AF3A354F210B5EB400BB7E9D /* Build configuration list for PBXNativeTarget "RiffTests" */ = {
			isa = XCConfigurationList;
			buildConfigurations = (
				AF3A3550210B5EB400BB7E9D /* Debug */,
				AF3A3551210B5EB400BB7E9D /* Release */,
			);
			defaultConfigurationIsVisible = 0;
			defaultConfigurationName = Release;
		};
		AF3A3552210B5EB400BB7E9D /* Build configuration list for PBXNativeTarget "RiffUITests" */ = {
			isa = XCConfigurationList;
			buildConfigurations = (
				AF3A3553210B5EB400BB7E9D /* Debug */,
				AF3A3554210B5EB400BB7E9D /* Release */,
			);
			defaultConfigurationIsVisible = 0;
			defaultConfigurationName = Release;
		};
/* End XCConfigurationList section */
	};
	rootObject = AF3A351C210B5EB300BB7E9D /* Project object */;
}
